
Microsoft Visual Studio Solution File, Format Version 12.00
# Visual Studio 15
VisualStudioVersion = 15.0.27004.2002
MinimumVisualStudioVersion = 10.0.40219.1
Project("{FAE04EC0-301F-11D3-BF4B-00C04F79EFBC}") = "QuickDemoRunner", "QuickDemoRunner\QuickDemoRunner.csproj", "{85CEE55B-AF06-4513-83AD-6BB7510EB1F4}"
EndProject
Project("{FAE04EC0-301F-11D3-BF4B-00C04F79EFBC}") = "QuickAzure", "QuickAzure\QuickAzure.csproj", "{D5DFF2AB-FCC5-479E-BDF8-F563901CA3F2}"
EndProject
Project("{FAE04EC0-301F-11D3-BF4B-00C04F79EFBC}") = "QuickDemoWeb", "QuickDemoWeb\QuickDemoWeb.csproj", "{95E0BD1E-A87C-4BF5-82DF-076D608E491A}"
EndProject
Project("{FAE04EC0-301F-11D3-BF4B-00C04F79EFBC}") = "QuickDemo.Common", "QuickDemo.Common\QuickDemo.Common.csproj", "{8FD30F0B-FE0C-4DAC-8EA9-91171B88A9B5}"
EndProject
Project("{FAE04EC0-301F-11D3-BF4B-00C04F79EFBC}") = "QuickDemo.Storage", "QuickDemo.Storage\QuickDemo.Storage.csproj", "{C6998D2D-0992-449C-A481-EA9900DF13AA}"
EndProject
Project("{FAE04EC0-301F-11D3-BF4B-00C04F79EFBC}") = "QuickDemo.Windows", "QuickDemo.Windows\QuickDemo.Windows.csproj", "{0F3BF5C4-8FDC-470B-8655-3140AE89E54F}"
EndProject
Global
	GlobalSection(SolutionConfigurationPlatforms) = preSolution
		Debug|Any CPU = Debug|Any CPU
		Release|Any CPU = Release|Any CPU
	EndGlobalSection
	GlobalSection(ProjectConfigurationPlatforms) = postSolution
		{85CEE55B-AF06-4513-83AD-6BB7510EB1F4}.Debug|Any CPU.ActiveCfg = Debug|Any CPU
		{85CEE55B-AF06-4513-83AD-6BB7510EB1F4}.Debug|Any CPU.Build.0 = Debug|Any CPU
		{85CEE55B-AF06-4513-83AD-6BB7510EB1F4}.Release|Any CPU.ActiveCfg = Release|Any CPU
		{85CEE55B-AF06-4513-83AD-6BB7510EB1F4}.Release|Any CPU.Build.0 = Release|Any CPU
		{D5DFF2AB-FCC5-479E-BDF8-F563901CA3F2}.Debug|Any CPU.ActiveCfg = Debug|Any CPU
		{D5DFF2AB-FCC5-479E-BDF8-F563901CA3F2}.Debug|Any CPU.Build.0 = Debug|Any CPU
		{D5DFF2AB-FCC5-479E-BDF8-F563901CA3F2}.Release|Any CPU.ActiveCfg = Release|Any CPU
		{D5DFF2AB-FCC5-479E-BDF8-F563901CA3F2}.Release|Any CPU.Build.0 = Release|Any CPU
		{95E0BD1E-A87C-4BF5-82DF-076D608E491A}.Debug|Any CPU.ActiveCfg = Debug|Any CPU
		{95E0BD1E-A87C-4BF5-82DF-076D608E491A}.Debug|Any CPU.Build.0 = Debug|Any CPU
		{95E0BD1E-A87C-4BF5-82DF-076D608E491A}.Release|Any CPU.ActiveCfg = Release|Any CPU
		{95E0BD1E-A87C-4BF5-82DF-076D608E491A}.Release|Any CPU.Build.0 = Release|Any CPU
		{8FD30F0B-FE0C-4DAC-8EA9-91171B88A9B5}.Debug|Any CPU.ActiveCfg = Debug|Any CPU
		{8FD30F0B-FE0C-4DAC-8EA9-91171B88A9B5}.Debug|Any CPU.Build.0 = Debug|Any CPU
		{8FD30F0B-FE0C-4DAC-8EA9-91171B88A9B5}.Release|Any CPU.ActiveCfg = Release|Any CPU
		{8FD30F0B-FE0C-4DAC-8EA9-91171B88A9B5}.Release|Any CPU.Build.0 = Release|Any CPU
		{C6998D2D-0992-449C-A481-EA9900DF13AA}.Debug|Any CPU.ActiveCfg = Debug|Any CPU
		{C6998D2D-0992-449C-A481-EA9900DF13AA}.Debug|Any CPU.Build.0 = Debug|Any CPU
		{C6998D2D-0992-449C-A481-EA9900DF13AA}.Release|Any CPU.ActiveCfg = Release|Any CPU
		{C6998D2D-0992-449C-A481-EA9900DF13AA}.Release|Any CPU.Build.0 = Release|Any CPU
		{0F3BF5C4-8FDC-470B-8655-3140AE89E54F}.Debug|Any CPU.ActiveCfg = Debug|Any CPU
		{0F3BF5C4-8FDC-470B-8655-3140AE89E54F}.Debug|Any CPU.Build.0 = Debug|Any CPU
		{0F3BF5C4-8FDC-470B-8655-3140AE89E54F}.Release|Any CPU.ActiveCfg = Release|Any CPU
		{0F3BF5C4-8FDC-470B-8655-3140AE89E54F}.Release|Any CPU.Build.0 = Release|Any CPU
	EndGlobalSection
	GlobalSection(SolutionProperties) = preSolution
		HideSolutionNode = FALSE
	EndGlobalSection
	GlobalSection(ExtensibilityGlobals) = postSolution
		SolutionGuid = {5347EC3B-818B-4A6D-9332-D5446A7EA3B9}
	EndGlobalSection
EndGlobal
